
Microsoft Visual Studio Solution File, Format Version 12.00
# Visual Studio Version 17
VisualStudioVersion = 17.9.34607.119
MinimumVisualStudioVersion = 10.0.40219.1
Project("{FAE04EC0-301F-11D3-BF4B-00C04F79EFBC}") = "TPHInEFCore.Persistence", "TPHInEFCore.Persistence\TPHInEFCore.Persistence.csproj", "{0123E14C-1C2E-441D-AB81-7F2780BEB005}"
EndProject
Project("{FAE04EC0-301F-11D3-BF4B-00C04F79EFBC}") = "TPHInEFCore.Console", "TPHInEFCore.Console\TPHInEFCore.Console.csproj", "{19431653-88CA-4563-8922-6D1FBA4DAC9D}"
EndProject
Global
	GlobalSection(SolutionConfigurationPlatforms) = preSolution
		Debug|Any CPU = Debug|Any CPU
		Release|Any CPU = Release|Any CPU
	EndGlobalSection
	GlobalSection(ProjectConfigurationPlatforms) = postSolution
		{0123E14C-1C2E-441D-AB81-7F2780BEB005}.Debug|Any CPU.ActiveCfg = Debug|Any CPU
		{0123E14C-1C2E-441D-AB81-7F2780BEB005}.Debug|Any CPU.Build.0 = Debug|Any CPU
		{0123E14C-1C2E-441D-AB81-7F2780BEB005}.Release|Any CPU.ActiveCfg = Release|Any CPU
		{0123E14C-1C2E-441D-AB81-7F2780BEB005}.Release|Any CPU.Build.0 = Release|Any CPU
		{19431653-88CA-4563-8922-6D1FBA4DAC9D}.Debug|Any CPU.ActiveCfg = Debug|Any CPU
		{19431653-88CA-4563-8922-6D1FBA4DAC9D}.Debug|Any CPU.Build.0 = Debug|Any CPU
		{19431653-88CA-4563-8922-6D1FBA4DAC9D}.Release|Any CPU.ActiveCfg = Release|Any CPU
		{19431653-88CA-4563-8922-6D1FBA4DAC9D}.Release|Any CPU.Build.0 = Release|Any CPU
	EndGlobalSection
	GlobalSection(SolutionProperties) = preSolution
		HideSolutionNode = FALSE
	EndGlobalSection
	GlobalSection(ExtensibilityGlobals) = postSolution
		SolutionGuid = {2C3E33DD-5853-45F2-ACC1-4F07478AEAF7}
	EndGlobalSection
EndGlobal
